{
    "_meta": {
        "hash": {
            "sha256": "e6d6cc8b76dda221a6a33ebdcb1e1a400a22e7ad5eb1329e06f5e09c4438195f"
        },
        "pipfile-spec": 6,
        "requires": {
            "python_version": "3.9"
        },
        "sources": [
            {
                "name": "pypi",
                "url": "https://pypi.org/simple",
                "verify_ssl": true
            }
        ]
    },
    "default": {
        "pyqt6": {
            "hashes": [
                "sha256:0d364c410703290d09ff425a877cf80ca640afc190520ab8c86bc8f6bd6af592",
                "sha256:79e5ec4d3b62d5a9a0fbfd946faac6f9a1b3c5cf4f8a7ca5073a389024ba967e",
                "sha256:8775244fa73f94bfe8ae7672b624e2a903a22bc35d7ea42dd830949e2f9e43c7",
                "sha256:b455579d75769d9892e6e70fb8ca360fe722cf57d710e17648f83233a7a43fdf"
            ],
            "index": "pypi",
            "version": "==6.1.1"
        },
        "pyqt6-qt6": {
            "hashes": [
                "sha256:39eb9fc1a5d206fa9e2ee2138c10c0c87642c628af7d839378cd5015371cc240",
                "sha256:442a09dda1c7dab325b797726db7cd69411a6a6fddfb5897e7c021f1bbc0d6ec",
                "sha256:54b72d12472141d4f09fd3b1e9f2daf1f9cf9d3ab97429beb59e16db94e1810a"
            ],
            "version": "==6.1.2"
        },
        "pyqt6-sip": {
            "hashes": [
                "sha256:04c5f6dd0c5be27f27be286e500cf1dd718b9e00b735b88b5e2ada74d86326e6",
                "sha256:1afbba8d83a55164e150e04f8ed52a3a5292a347ddaecbc6f0b819fadccdb176",
                "sha256:48fab3bc4121d77c081102ad074f63deeae4736b1a88dd19fe05364421f28376",
                "sha256:5d5001c1ed83b0b9946f5a2b9a9b27f9631dc6613306f88f3946437205d176be",
                "sha256:6f0c3fa80b81bb28701772b9d89e11fe3677591048b18d50224bea0138063597",
                "sha256:7c31073fe8e6cb8a42e85d60d3a096700a9047c772b354d6227dfe965566ec8a",
                "sha256:a892f66d506a7adc40c03d95ef54c152614f32c2975f534cd9deb44ca94d1124",
                "sha256:c20fdbc8f50052242c84680d9cf1580dd815b2d55ae73e71885864b0320b3585",
                "sha256:c6d017380c0a3e8ef94f6eecc119a056ec3e6f71c9c5b7957a1c2dc51007901f",
                "sha256:da4742ad9a983dd384a28d743dd14c47de4842ab476c90a36e8f261998cf83ec",
                "sha256:ee7e635aadc3d3baaeb8ec509e562d7d6cc5c6d738cb874186f076742a2aec27",
                "sha256:f36c6c73137b835024f0bcefe17b74a1fcacd759ebf1a01460f353ced1c34a30",
                "sha256:f591414ea4e3029a4873286496b6685d6a260249f0375657c1043e4db5a5514c"
            ],
            "markers": "python_version >= '3.6'",
            "version": "==13.1.0"
        },
        "pyside6": {
            "hashes": [
                "sha256:2dda3467d56ec76031b36ce2571e931cf5f3b6682497edc8a004e0360436da5d",
                "sha256:d95286a6d59f29f5cad18c4346166f94bfedff9a61056d9b30d641e7a6ee0b28",
                "sha256:dab04edbde131d09a885fc2c945d9ea3f8e90e6d73546e66de5c2265c4731cf9"
            ],
            "index": "pypi",
            "version": "==6.1.2"
        },
        "shiboken6": {
            "hashes": [
                "sha256:6b60c5f7ca1a272526c49a9e5f4cc9a4f5657e89c2c36eaa81f24b4c027847d9",
                "sha256:745428c03831f5d60c3ad08b2cbcf25342aef5abfba9d7e79b3a25b38d4bff31",
                "sha256:acdbf0f085d8d07125ca5acc2ee6b1c56c97c91bd924ebfbcee7ac7d166e7bbe"
            ],
            "markers": "python_version < '3.10' and python_version >= '3.6'",
            "version": "==6.1.2"
        }
    },
    "develop": {}
}
